
Microsoft Visual Studio Solution File, Format Version 12.00
# Visual Studio 15
VisualStudioVersion = 15.0.28307.1500
MinimumVisualStudioVersion = 10.0.40219.1
Project("{FAE04EC0-301F-11D3-BF4B-00C04F79EFBC}") = "Exer.Resolvido.Lambda", "Exer.Resolvido.Lambda\Exer.Resolvido.Lambda.csproj", "{5EF5F1F9-CD1A-4557-B01E-D3EBAC864BB4}"
EndProject
Global
	GlobalSection(SolutionConfigurationPlatforms) = preSolution
		Debug|Any CPU = Debug|Any CPU
		Release|Any CPU = Release|Any CPU
	EndGlobalSection
	GlobalSection(ProjectConfigurationPlatforms) = postSolution
		{5EF5F1F9-CD1A-4557-B01E-D3EBAC864BB4}.Debug|Any CPU.ActiveCfg = Debug|Any CPU
		{5EF5F1F9-CD1A-4557-B01E-D3EBAC864BB4}.Debug|Any CPU.Build.0 = Debug|Any CPU
		{5EF5F1F9-CD1A-4557-B01E-D3EBAC864BB4}.Release|Any CPU.ActiveCfg = Release|Any CPU
		{5EF5F1F9-CD1A-4557-B01E-D3EBAC864BB4}.Release|Any CPU.Build.0 = Release|Any CPU
	EndGlobalSection
	GlobalSection(SolutionProperties) = preSolution
		HideSolutionNode = FALSE
	EndGlobalSection
	GlobalSection(ExtensibilityGlobals) = postSolution
		SolutionGuid = {593E2415-66AE-4E3F-9E66-BC87C92D5C43}
	EndGlobalSection
EndGlobal
